{
  "R": {
    "Version": "4.0.3",
    "Repositories": [
      {
        "Name": "BioCsoft",
        "URL": "https://bioconductor.org/packages/3.12/bioc"
      },
      {
        "Name": "BioCann",
        "URL": "https://bioconductor.org/packages/3.12/data/annotation"
      },
      {
        "Name": "BioCexp",
        "URL": "https://bioconductor.org/packages/3.12/data/experiment"
      },
      {
        "Name": "BioCworkflows",
        "URL": "https://bioconductor.org/packages/3.12/workflows"
      },
      {
        "Name": "CRAN",
        "URL": "https://cloud.r-project.org"
      }
    ]

  },
  "Packages": {
    "colorout": {
      "Package": "colorout",
      "Version": "1.2-1",
      "Source": "Local",
      "OS_type": "unix",
      "Hash": "7207750e679b8ace64a12ff0afd15b71"
    }
  }
}
